
Microsoft Visual Studio Solution File, Format Version 12.00
# Visual Studio Version 17
VisualStudioVersion = 17.5.33414.496
MinimumVisualStudioVersion = 10.0.40219.1
Project("{9A19103F-16F7-4668-BE54-9A1E7A4F7556}") = "api", "src\api\api.csproj", "{F2E1842B-1EC2-43A4-BCE2-0C1C091CFD24}"
EndProject
Global
	GlobalSection(SolutionConfigurationPlatforms) = preSolution
		Debug|Any CPU = Debug|Any CPU
		Release|Any CPU = Release|Any CPU
	EndGlobalSection
	GlobalSection(ProjectConfigurationPlatforms) = postSolution
		{F2E1842B-1EC2-43A4-BCE2-0C1C091CFD24}.Debug|Any CPU.ActiveCfg = Debug|Any CPU
		{F2E1842B-1EC2-43A4-BCE2-0C1C091CFD24}.Debug|Any CPU.Build.0 = Debug|Any CPU
		{F2E1842B-1EC2-43A4-BCE2-0C1C091CFD24}.Release|Any CPU.ActiveCfg = Release|Any CPU
		{F2E1842B-1EC2-43A4-BCE2-0C1C091CFD24}.Release|Any CPU.Build.0 = Release|Any CPU
	EndGlobalSection
	GlobalSection(SolutionProperties) = preSolution
		HideSolutionNode = FALSE
	EndGlobalSection
	GlobalSection(ExtensibilityGlobals) = postSolution
		SolutionGuid = {641E96DB-47E4-48AA-A10D-C0E2754E567C}
	EndGlobalSection
EndGlobal
